
Microsoft Visual Studio Solution File, Format Version 12.00
# Visual Studio Version 17
VisualStudioVersion = 17.0.31423.177
MinimumVisualStudioVersion = 10.0.40219.1
Project("{FAE04EC0-301F-11D3-BF4B-00C04F79EFBC}") = "XamarinUI.Mobile.UWP", "XamarinUI.Mobile\XamarinUI.Mobile.UWP\XamarinUI.Mobile.UWP.csproj", "{4A6BE5D4-96BD-4CB0-942B-E7E930F425D7}"
EndProject
Project("{FAE04EC0-301F-11D3-BF4B-00C04F79EFBC}") = "XamarinUI.Mobile.Android", "XamarinUI.Mobile\XamarinUI.Mobile.Android\XamarinUI.Mobile.Android.csproj", "{CCC98941-E172-4F79-887F-9ADAB8296590}"
EndProject
Project("{FAE04EC0-301F-11D3-BF4B-00C04F79EFBC}") = "XamarinUI.Mobile.iOS", "XamarinUI.Mobile\XamarinUI.Mobile.iOS\XamarinUI.Mobile.iOS.csproj", "{5A271CA9-165F-46B6-8851-EE95AB611CDF}"
EndProject
Project("{9A19103F-16F7-4668-BE54-9A1E7A4F7556}") = "XamarinUI.Mobile", "XamarinUI.Mobile\XamarinUI.Mobile\XamarinUI.Mobile.csproj", "{375324D4-369D-416A-88A3-E91974B7DCB9}"
EndProject
Project("{9A19103F-16F7-4668-BE54-9A1E7A4F7556}") = "XamarinUI.Shared", "XamarinUI.Shared\XamarinUI.Shared.csproj", "{1EE4BB00-1CDD-44A3-B7B8-718CC6ED6DE7}"
EndProject
Project("{FAE04EC0-301F-11D3-BF4B-00C04F79EFBC}") = "XamarinUI.Shared.DataAccess", "XamarinUI.Shared.DataAccess\XamarinUI.Shared.DataAccess.csproj", "{41CAC4D4-72ED-4B0E-91C3-792CD87C7811}"
EndProject
Global
	GlobalSection(SolutionConfigurationPlatforms) = preSolution
		Debug|Any CPU = Debug|Any CPU
		Debug|ARM = Debug|ARM
		Debug|iPhone = Debug|iPhone
		Debug|iPhoneSimulator = Debug|iPhoneSimulator
		Debug|x64 = Debug|x64
		Debug|x86 = Debug|x86
		Release|Any CPU = Release|Any CPU
		Release|ARM = Release|ARM
		Release|iPhone = Release|iPhone
		Release|iPhoneSimulator = Release|iPhoneSimulator
		Release|x64 = Release|x64
		Release|x86 = Release|x86
	EndGlobalSection
	GlobalSection(ProjectConfigurationPlatforms) = postSolution
		{4A6BE5D4-96BD-4CB0-942B-E7E930F425D7}.Debug|Any CPU.ActiveCfg = Debug|x86
		{4A6BE5D4-96BD-4CB0-942B-E7E930F425D7}.Debug|Any CPU.Build.0 = Debug|x86
		{4A6BE5D4-96BD-4CB0-942B-E7E930F425D7}.Debug|Any CPU.Deploy.0 = Debug|x86
		{4A6BE5D4-96BD-4CB0-942B-E7E930F425D7}.Debug|ARM.ActiveCfg = Debug|ARM
		{4A6BE5D4-96BD-4CB0-942B-E7E930F425D7}.Debug|ARM.Build.0 = Debug|ARM
		{4A6BE5D4-96BD-4CB0-942B-E7E930F425D7}.Debug|ARM.Deploy.0 = Debug|ARM
		{4A6BE5D4-96BD-4CB0-942B-E7E930F425D7}.Debug|iPhone.ActiveCfg = Debug|x86
		{4A6BE5D4-96BD-4CB0-942B-E7E930F425D7}.Debug|iPhone.Build.0 = Debug|x86
		{4A6BE5D4-96BD-4CB0-942B-E7E930F425D7}.Debug|iPhone.Deploy.0 = Debug|x86
		{4A6BE5D4-96BD-4CB0-942B-E7E930F425D7}.Debug|iPhoneSimulator.ActiveCfg = Debug|x86
		{4A6BE5D4-96BD-4CB0-942B-E7E930F425D7}.Debug|iPhoneSimulator.Build.0 = Debug|x86
		{4A6BE5D4-96BD-4CB0-942B-E7E930F425D7}.Debug|iPhoneSimulator.Deploy.0 = Debug|x86
		{4A6BE5D4-96BD-4CB0-942B-E7E930F425D7}.Debug|x64.ActiveCfg = Debug|x64
		{4A6BE5D4-96BD-4CB0-942B-E7E930F425D7}.Debug|x64.Build.0 = Debug|x64
		{4A6BE5D4-96BD-4CB0-942B-E7E930F425D7}.Debug|x64.Deploy.0 = Debug|x64
		{4A6BE5D4-96BD-4CB0-942B-E7E930F425D7}.Debug|x86.ActiveCfg = Debug|x86
		{4A6BE5D4-96BD-4CB0-942B-E7E930F425D7}.Debug|x86.Build.0 = Debug|x86
		{4A6BE5D4-96BD-4CB0-942B-E7E930F425D7}.Debug|x86.Deploy.0 = Debug|x86
		{4A6BE5D4-96BD-4CB0-942B-E7E930F425D7}.Release|Any CPU.ActiveCfg = Release|x86
		{4A6BE5D4-96BD-4CB0-942B-E7E930F425D7}.Release|Any CPU.Build.0 = Release|x86
		{4A6BE5D4-96BD-4CB0-942B-E7E930F425D7}.Release|Any CPU.Deploy.0 = Release|x86
		{4A6BE5D4-96BD-4CB0-942B-E7E930F425D7}.Release|ARM.ActiveCfg = Release|ARM
		{4A6BE5D4-96BD-4CB0-942B-E7E930F425D7}.Release|ARM.Build.0 = Release|ARM
		{4A6BE5D4-96BD-4CB0-942B-E7E930F425D7}.Release|ARM.Deploy.0 = Release|ARM
		{4A6BE5D4-96BD-4CB0-942B-E7E930F425D7}.Release|iPhone.ActiveCfg = Release|x86
		{4A6BE5D4-96BD-4CB0-942B-E7E930F425D7}.Release|iPhone.Build.0 = Release|x86
		{4A6BE5D4-96BD-4CB0-942B-E7E930F425D7}.Release|iPhone.Deploy.0 = Release|x86
		{4A6BE5D4-96BD-4CB0-942B-E7E930F425D7}.Release|iPhoneSimulator.ActiveCfg = Release|x86
		{4A6BE5D4-96BD-4CB0-942B-E7E930F425D7}.Release|iPhoneSimulator.Build.0 = Release|x86
		{4A6BE5D4-96BD-4CB0-942B-E7E930F425D7}.Release|iPhoneSimulator.Deploy.0 = Release|x86
		{4A6BE5D4-96BD-4CB0-942B-E7E930F425D7}.Release|x64.ActiveCfg = Release|x64
		{4A6BE5D4-96BD-4CB0-942B-E7E930F425D7}.Release|x64.Build.0 = Release|x64
		{4A6BE5D4-96BD-4CB0-942B-E7E930F425D7}.Release|x64.Deploy.0 = Release|x64
		{4A6BE5D4-96BD-4CB0-942B-E7E930F425D7}.Release|x86.ActiveCfg = Release|x86
		{4A6BE5D4-96BD-4CB0-942B-E7E930F425D7}.Release|x86.Build.0 = Release|x86
		{4A6BE5D4-96BD-4CB0-942B-E7E930F425D7}.Release|x86.Deploy.0 = Release|x86
		{CCC98941-E172-4F79-887F-9ADAB8296590}.Debug|Any CPU.ActiveCfg = Debug|Any CPU
		{CCC98941-E172-4F79-887F-9ADAB8296590}.Debug|Any CPU.Build.0 = Debug|Any CPU
		{CCC98941-E172-4F79-887F-9ADAB8296590}.Debug|Any CPU.Deploy.0 = Debug|Any CPU
		{CCC98941-E172-4F79-887F-9ADAB8296590}.Debug|ARM.ActiveCfg = Debug|Any CPU
		{CCC98941-E172-4F79-887F-9ADAB8296590}.Debug|ARM.Build.0 = Debug|Any CPU
		{CCC98941-E172-4F79-887F-9ADAB8296590}.Debug|ARM.Deploy.0 = Debug|Any CPU
		{CCC98941-E172-4F79-887F-9ADAB8296590}.Debug|iPhone.ActiveCfg = Debug|Any CPU
		{CCC98941-E172-4F79-887F-9ADAB8296590}.Debug|iPhone.Build.0 = Debug|Any CPU
		{CCC98941-E172-4F79-887F-9ADAB8296590}.Debug|iPhone.Deploy.0 = Debug|Any CPU
		{CCC98941-E172-4F79-887F-9ADAB8296590}.Debug|iPhoneSimulator.ActiveCfg = Debug|Any CPU
		{CCC98941-E172-4F79-887F-9ADAB8296590}.Debug|iPhoneSimulator.Build.0 = Debug|Any CPU
		{CCC98941-E172-4F79-887F-9ADAB8296590}.Debug|iPhoneSimulator.Deploy.0 = Debug|Any CPU
		{CCC98941-E172-4F79-887F-9ADAB8296590}.Debug|x64.ActiveCfg = Debug|Any CPU
		{CCC98941-E172-4F79-887F-9ADAB8296590}.Debug|x64.Build.0 = Debug|Any CPU
		{CCC98941-E172-4F79-887F-9ADAB8296590}.Debug|x64.Deploy.0 = Debug|Any CPU
		{CCC98941-E172-4F79-887F-9ADAB8296590}.Debug|x86.ActiveCfg = Debug|Any CPU
		{CCC98941-E172-4F79-887F-9ADAB8296590}.Debug|x86.Build.0 = Debug|Any CPU
		{CCC98941-E172-4F79-887F-9ADAB8296590}.Debug|x86.Deploy.0 = Debug|Any CPU
		{CCC98941-E172-4F79-887F-9ADAB8296590}.Release|Any CPU.ActiveCfg = Release|Any CPU
		{CCC98941-E172-4F79-887F-9ADAB8296590}.Release|Any CPU.Build.0 = Release|Any CPU
		{CCC98941-E172-4F79-887F-9ADAB8296590}.Release|Any CPU.Deploy.0 = Release|Any CPU
		{CCC98941-E172-4F79-887F-9ADAB8296590}.Release|ARM.ActiveCfg = Release|Any CPU
		{CCC98941-E172-4F79-887F-9ADAB8296590}.Release|ARM.Build.0 = Release|Any CPU
		{CCC98941-E172-4F79-887F-9ADAB8296590}.Release|ARM.Deploy.0 = Release|Any CPU
		{CCC98941-E172-4F79-887F-9ADAB8296590}.Release|iPhone.ActiveCfg = Release|Any CPU
		{CCC98941-E172-4F79-887F-9ADAB8296590}.Release|iPhone.Build.0 = Release|Any CPU
		{CCC98941-E172-4F79-887F-9ADAB8296590}.Release|iPhone.Deploy.0 = Release|Any CPU
		{CCC98941-E172-4F79-887F-9ADAB8296590}.Release|iPhoneSimulator.ActiveCfg = Release|Any CPU
		{CCC98941-E172-4F79-887F-9ADAB8296590}.Release|iPhoneSimulator.Build.0 = Release|Any CPU
		{CCC98941-E172-4F79-887F-9ADAB8296590}.Release|iPhoneSimulator.Deploy.0 = Release|Any CPU
		{CCC98941-E172-4F79-887F-9ADAB8296590}.Release|x64.ActiveCfg = Release|Any CPU
		{CCC98941-E172-4F79-887F-9ADAB8296590}.Release|x64.Build.0 = Release|Any CPU
		{CCC98941-E172-4F79-887F-9ADAB8296590}.Release|x64.Deploy.0 = Release|Any CPU
		{CCC98941-E172-4F79-887F-9ADAB8296590}.Release|x86.ActiveCfg = Release|Any CPU
		{CCC98941-E172-4F79-887F-9ADAB8296590}.Release|x86.Build.0 = Release|Any CPU
		{CCC98941-E172-4F79-887F-9ADAB8296590}.Release|x86.Deploy.0 = Release|Any CPU
		{5A271CA9-165F-46B6-8851-EE95AB611CDF}.Debug|Any CPU.ActiveCfg = Debug|iPhoneSimulator
		{5A271CA9-165F-46B6-8851-EE95AB611CDF}.Debug|Any CPU.Build.0 = Debug|iPhoneSimulator
		{5A271CA9-165F-46B6-8851-EE95AB611CDF}.Debug|Any CPU.Deploy.0 = Debug|iPhoneSimulator
		{5A271CA9-165F-46B6-8851-EE95AB611CDF}.Debug|ARM.ActiveCfg = Debug|iPhone
		{5A271CA9-165F-46B6-8851-EE95AB611CDF}.Debug|ARM.Build.0 = Debug|iPhone
		{5A271CA9-165F-46B6-8851-EE95AB611CDF}.Debug|ARM.Deploy.0 = Debug|iPhone
		{5A271CA9-165F-46B6-8851-EE95AB611CDF}.Debug|iPhone.ActiveCfg = Debug|iPhone
		{5A271CA9-165F-46B6-8851-EE95AB611CDF}.Debug|iPhone.Build.0 = Debug|iPhone
		{5A271CA9-165F-46B6-8851-EE95AB611CDF}.Debug|iPhone.Deploy.0 = Debug|iPhone
		{5A271CA9-165F-46B6-8851-EE95AB611CDF}.Debug|iPhoneSimulator.ActiveCfg = Debug|iPhoneSimulator
		{5A271CA9-165F-46B6-8851-EE95AB611CDF}.Debug|iPhoneSimulator.Build.0 = Debug|iPhoneSimulator
		{5A271CA9-165F-46B6-8851-EE95AB611CDF}.Debug|iPhoneSimulator.Deploy.0 = Debug|iPhoneSimulator
		{5A271CA9-165F-46B6-8851-EE95AB611CDF}.Debug|x64.ActiveCfg = Debug|iPhoneSimulator
		{5A271CA9-165F-46B6-8851-EE95AB611CDF}.Debug|x64.Build.0 = Debug|iPhoneSimulator
		{5A271CA9-165F-46B6-8851-EE95AB611CDF}.Debug|x64.Deploy.0 = Debug|iPhoneSimulator
		{5A271CA9-165F-46B6-8851-EE95AB611CDF}.Debug|x86.ActiveCfg = Debug|iPhoneSimulator
		{5A271CA9-165F-46B6-8851-EE95AB611CDF}.Debug|x86.Build.0 = Debug|iPhoneSimulator
		{5A271CA9-165F-46B6-8851-EE95AB611CDF}.Debug|x86.Deploy.0 = Debug|iPhoneSimulator
		{5A271CA9-165F-46B6-8851-EE95AB611CDF}.Release|Any CPU.ActiveCfg = Release|iPhoneSimulator
		{5A271CA9-165F-46B6-8851-EE95AB611CDF}.Release|Any CPU.Build.0 = Release|iPhoneSimulator
		{5A271CA9-165F-46B6-8851-EE95AB611CDF}.Release|Any CPU.Deploy.0 = Release|iPhoneSimulator
		{5A271CA9-165F-46B6-8851-EE95AB611CDF}.Release|ARM.ActiveCfg = Release|iPhoneSimulator
		{5A271CA9-165F-46B6-8851-EE95AB611CDF}.Release|ARM.Build.0 = Release|iPhoneSimulator
		{5A271CA9-165F-46B6-8851-EE95AB611CDF}.Release|ARM.Deploy.0 = Release|iPhoneSimulator
		{5A271CA9-165F-46B6-8851-EE95AB611CDF}.Release|iPhone.ActiveCfg = Release|iPhone
		{5A271CA9-165F-46B6-8851-EE95AB611CDF}.Release|iPhone.Build.0 = Release|iPhone
		{5A271CA9-165F-46B6-8851-EE95AB611CDF}.Release|iPhone.Deploy.0 = Release|iPhone
		{5A271CA9-165F-46B6-8851-EE95AB611CDF}.Release|iPhoneSimulator.ActiveCfg = Release|iPhoneSimulator
		{5A271CA9-165F-46B6-8851-EE95AB611CDF}.Release|iPhoneSimulator.Build.0 = Release|iPhoneSimulator
		{5A271CA9-165F-46B6-8851-EE95AB611CDF}.Release|iPhoneSimulator.Deploy.0 = Release|iPhoneSimulator
		{5A271CA9-165F-46B6-8851-EE95AB611CDF}.Release|x64.ActiveCfg = Release|iPhoneSimulator
		{5A271CA9-165F-46B6-8851-EE95AB611CDF}.Release|x64.Build.0 = Release|iPhoneSimulator
		{5A271CA9-165F-46B6-8851-EE95AB611CDF}.Release|x64.Deploy.0 = Release|iPhoneSimulator
		{5A271CA9-165F-46B6-8851-EE95AB611CDF}.Release|x86.ActiveCfg = Release|iPhoneSimulator
		{5A271CA9-165F-46B6-8851-EE95AB611CDF}.Release|x86.Build.0 = Release|iPhoneSimulator
		{5A271CA9-165F-46B6-8851-EE95AB611CDF}.Release|x86.Deploy.0 = Release|iPhoneSimulator
		{375324D4-369D-416A-88A3-E91974B7DCB9}.Debug|Any CPU.ActiveCfg = Debug|Any CPU
		{375324D4-369D-416A-88A3-E91974B7DCB9}.Debug|Any CPU.Build.0 = Debug|Any CPU
		{375324D4-369D-416A-88A3-E91974B7DCB9}.Debug|Any CPU.Deploy.0 = Debug|Any CPU
		{375324D4-369D-416A-88A3-E91974B7DCB9}.Debug|ARM.ActiveCfg = Debug|Any CPU
		{375324D4-369D-416A-88A3-E91974B7DCB9}.Debug|ARM.Build.0 = Debug|Any CPU
		{375324D4-369D-416A-88A3-E91974B7DCB9}.Debug|ARM.Deploy.0 = Debug|Any CPU
		{375324D4-369D-416A-88A3-E91974B7DCB9}.Debug|iPhone.ActiveCfg = Debug|Any CPU
		{375324D4-369D-416A-88A3-E91974B7DCB9}.Debug|iPhone.Build.0 = Debug|Any CPU
		{375324D4-369D-416A-88A3-E91974B7DCB9}.Debug|iPhone.Deploy.0 = Debug|Any CPU
		{375324D4-369D-416A-88A3-E91974B7DCB9}.Debug|iPhoneSimulator.ActiveCfg = Debug|Any CPU
		{375324D4-369D-416A-88A3-E91974B7DCB9}.Debug|iPhoneSimulator.Build.0 = Debug|Any CPU
		{375324D4-369D-416A-88A3-E91974B7DCB9}.Debug|iPhoneSimulator.Deploy.0 = Debug|Any CPU
		{375324D4-369D-416A-88A3-E91974B7DCB9}.Debug|x64.ActiveCfg = Debug|Any CPU
		{375324D4-369D-416A-88A3-E91974B7DCB9}.Debug|x64.Build.0 = Debug|Any CPU
		{375324D4-369D-416A-88A3-E91974B7DCB9}.Debug|x64.Deploy.0 = Debug|Any CPU
		{375324D4-369D-416A-88A3-E91974B7DCB9}.Debug|x86.ActiveCfg = Debug|Any CPU
		{375324D4-369D-416A-88A3-E91974B7DCB9}.Debug|x86.Build.0 = Debug|Any CPU
		{375324D4-369D-416A-88A3-E91974B7DCB9}.Debug|x86.Deploy.0 = Debug|Any CPU
		{375324D4-369D-416A-88A3-E91974B7DCB9}.Release|Any CPU.ActiveCfg = Release|Any CPU
		{375324D4-369D-416A-88A3-E91974B7DCB9}.Release|Any CPU.Build.0 = Release|Any CPU
		{375324D4-369D-416A-88A3-E91974B7DCB9}.Release|Any CPU.Deploy.0 = Release|Any CPU
		{375324D4-369D-416A-88A3-E91974B7DCB9}.Release|ARM.ActiveCfg = Release|Any CPU
		{375324D4-369D-416A-88A3-E91974B7DCB9}.Release|ARM.Build.0 = Release|Any CPU
		{375324D4-369D-416A-88A3-E91974B7DCB9}.Release|ARM.Deploy.0 = Release|Any CPU
		{375324D4-369D-416A-88A3-E91974B7DCB9}.Release|iPhone.ActiveCfg = Release|Any CPU
		{375324D4-369D-416A-88A3-E91974B7DCB9}.Release|iPhone.Build.0 = Release|Any CPU
		{375324D4-369D-416A-88A3-E91974B7DCB9}.Release|iPhone.Deploy.0 = Release|Any CPU
		{375324D4-369D-416A-88A3-E91974B7DCB9}.Release|iPhoneSimulator.ActiveCfg = Release|Any CPU
		{375324D4-369D-416A-88A3-E91974B7DCB9}.Release|iPhoneSimulator.Build.0 = Release|Any CPU
		{375324D4-369D-416A-88A3-E91974B7DCB9}.Release|iPhoneSimulator.Deploy.0 = Release|Any CPU
		{375324D4-369D-416A-88A3-E91974B7DCB9}.Release|x64.ActiveCfg = Release|Any CPU
		{375324D4-369D-416A-88A3-E91974B7DCB9}.Release|x64.Build.0 = Release|Any CPU
		{375324D4-369D-416A-88A3-E91974B7DCB9}.Release|x64.Deploy.0 = Release|Any CPU
		{375324D4-369D-416A-88A3-E91974B7DCB9}.Release|x86.ActiveCfg = Release|Any CPU
		{375324D4-369D-416A-88A3-E91974B7DCB9}.Release|x86.Build.0 = Release|Any CPU
		{375324D4-369D-416A-88A3-E91974B7DCB9}.Release|x86.Deploy.0 = Release|Any CPU
		{1EE4BB00-1CDD-44A3-B7B8-718CC6ED6DE7}.Debug|Any CPU.ActiveCfg = Debug|Any CPU
		{1EE4BB00-1CDD-44A3-B7B8-718CC6ED6DE7}.Debug|Any CPU.Build.0 = Debug|Any CPU
		{1EE4BB00-1CDD-44A3-B7B8-718CC6ED6DE7}.Debug|ARM.ActiveCfg = Debug|Any CPU
		{1EE4BB00-1CDD-44A3-B7B8-718CC6ED6DE7}.Debug|ARM.Build.0 = Debug|Any CPU
		{1EE4BB00-1CDD-44A3-B7B8-718CC6ED6DE7}.Debug|iPhone.ActiveCfg = Debug|Any CPU
		{1EE4BB00-1CDD-44A3-B7B8-718CC6ED6DE7}.Debug|iPhone.Build.0 = Debug|Any CPU
		{1EE4BB00-1CDD-44A3-B7B8-718CC6ED6DE7}.Debug|iPhoneSimulator.ActiveCfg = Debug|Any CPU
		{1EE4BB00-1CDD-44A3-B7B8-718CC6ED6DE7}.Debug|iPhoneSimulator.Build.0 = Debug|Any CPU
		{1EE4BB00-1CDD-44A3-B7B8-718CC6ED6DE7}.Debug|x64.ActiveCfg = Debug|Any CPU
		{1EE4BB00-1CDD-44A3-B7B8-718CC6ED6DE7}.Debug|x64.Build.0 = Debug|Any CPU
		{1EE4BB00-1CDD-44A3-B7B8-718CC6ED6DE7}.Debug|x86.ActiveCfg = Debug|Any CPU
		{1EE4BB00-1CDD-44A3-B7B8-718CC6ED6DE7}.Debug|x86.Build.0 = Debug|Any CPU
		{1EE4BB00-1CDD-44A3-B7B8-718CC6ED6DE7}.Release|Any CPU.ActiveCfg = Release|Any CPU
		{1EE4BB00-1CDD-44A3-B7B8-718CC6ED6DE7}.Release|Any CPU.Build.0 = Release|Any CPU
		{1EE4BB00-1CDD-44A3-B7B8-718CC6ED6DE7}.Release|ARM.ActiveCfg = Release|Any CPU
		{1EE4BB00-1CDD-44A3-B7B8-718CC6ED6DE7}.Release|ARM.Build.0 = Release|Any CPU
		{1EE4BB00-1CDD-44A3-B7B8-718CC6ED6DE7}.Release|iPhone.ActiveCfg = Release|Any CPU
		{1EE4BB00-1CDD-44A3-B7B8-718CC6ED6DE7}.Release|iPhone.Build.0 = Release|Any CPU
		{1EE4BB00-1CDD-44A3-B7B8-718CC6ED6DE7}.Release|iPhoneSimulator.ActiveCfg = Release|Any CPU
		{1EE4BB00-1CDD-44A3-B7B8-718CC6ED6DE7}.Release|iPhoneSimulator.Build.0 = Release|Any CPU
		{1EE4BB00-1CDD-44A3-B7B8-718CC6ED6DE7}.Release|x64.ActiveCfg = Release|Any CPU
		{1EE4BB00-1CDD-44A3-B7B8-718CC6ED6DE7}.Release|x64.Build.0 = Release|Any CPU
		{1EE4BB00-1CDD-44A3-B7B8-718CC6ED6DE7}.Release|x86.ActiveCfg = Release|Any CPU
		{1EE4BB00-1CDD-44A3-B7B8-718CC6ED6DE7}.Release|x86.Build.0 = Release|Any CPU
		{41CAC4D4-72ED-4B0E-91C3-792CD87C7811}.Debug|Any CPU.ActiveCfg = Debug|Any CPU
		{41CAC4D4-72ED-4B0E-91C3-792CD87C7811}.Debug|Any CPU.Build.0 = Debug|Any CPU
		{41CAC4D4-72ED-4B0E-91C3-792CD87C7811}.Debug|ARM.ActiveCfg = Debug|Any CPU
		{41CAC4D4-72ED-4B0E-91C3-792CD87C7811}.Debug|ARM.Build.0 = Debug|Any CPU
		{41CAC4D4-72ED-4B0E-91C3-792CD87C7811}.Debug|iPhone.ActiveCfg = Debug|Any CPU
		{41CAC4D4-72ED-4B0E-91C3-792CD87C7811}.Debug|iPhone.Build.0 = Debug|Any CPU
		{41CAC4D4-72ED-4B0E-91C3-792CD87C7811}.Debug|iPhoneSimulator.ActiveCfg = Debug|Any CPU
		{41CAC4D4-72ED-4B0E-91C3-792CD87C7811}.Debug|iPhoneSimulator.Build.0 = Debug|Any CPU
		{41CAC4D4-72ED-4B0E-91C3-792CD87C7811}.Debug|x64.ActiveCfg = Debug|Any CPU
		{41CAC4D4-72ED-4B0E-91C3-792CD87C7811}.Debug|x64.Build.0 = Debug|Any CPU
		{41CAC4D4-72ED-4B0E-91C3-792CD87C7811}.Debug|x86.ActiveCfg = Debug|Any CPU
		{41CAC4D4-72ED-4B0E-91C3-792CD87C7811}.Debug|x86.Build.0 = Debug|Any CPU
		{41CAC4D4-72ED-4B0E-91C3-792CD87C7811}.Release|Any CPU.ActiveCfg = Release|Any CPU
		{41CAC4D4-72ED-4B0E-91C3-792CD87C7811}.Release|Any CPU.Build.0 = Release|Any CPU
		{41CAC4D4-72ED-4B0E-91C3-792CD87C7811}.Release|ARM.ActiveCfg = Release|Any CPU
		{41CAC4D4-72ED-4B0E-91C3-792CD87C7811}.Release|ARM.Build.0 = Release|Any CPU
		{41CAC4D4-72ED-4B0E-91C3-792CD87C7811}.Release|iPhone.ActiveCfg = Release|Any CPU
		{41CAC4D4-72ED-4B0E-91C3-792CD87C7811}.Release|iPhone.Build.0 = Release|Any CPU
		{41CAC4D4-72ED-4B0E-91C3-792CD87C7811}.Release|iPhoneSimulator.ActiveCfg = Release|Any CPU
		{41CAC4D4-72ED-4B0E-91C3-792CD87C7811}.Release|iPhoneSimulator.Build.0 = Release|Any CPU
		{41CAC4D4-72ED-4B0E-91C3-792CD87C7811}.Release|x64.ActiveCfg = Release|Any CPU
		{41CAC4D4-72ED-4B0E-91C3-792CD87C7811}.Release|x64.Build.0 = Release|Any CPU
		{41CAC4D4-72ED-4B0E-91C3-792CD87C7811}.Release|x86.ActiveCfg = Release|Any CPU
		{41CAC4D4-72ED-4B0E-91C3-792CD87C7811}.Release|x86.Build.0 = Release|Any CPU
	EndGlobalSection
	GlobalSection(SolutionProperties) = preSolution
		HideSolutionNode = FALSE
	EndGlobalSection
	GlobalSection(ExtensibilityGlobals) = postSolution
		SolutionGuid = {F5B7928A-B00E-453C-A3BB-CE2EDF8BFE0F}
	EndGlobalSection
EndGlobal
